// !$*UTF8*$!
{
	archiveVersion = 1;
	classes = {
	};
	objectVersion = 46;
	objects = {

/* Begin PBXBuildFile section */
		FF72FE6E1B0E2E0500B9B866 /* AppDelegate.swift in Sources */ = {isa = PBXBuildFile; fileRef = FF72FE6D1B0E2E0500B9B866 /* AppDelegate.swift */; };
		FF72FE701B0E2E0500B9B866 /* TableViewController.swift in Sources */ = {isa = PBXBuildFile; fileRef = FF72FE6F1B0E2E0500B9B866 /* TableViewController.swift */; };
		FF72FE731B0E2E0500B9B866 /* Main.storyboard in Resources */ = {isa = PBXBuildFile; fileRef = FF72FE711B0E2E0500B9B866 /* Main.storyboard */; };
		FF72FE751B0E2E0500B9B866 /* Images.xcassets in Resources */ = {isa = PBXBuildFile; fileRef = FF72FE741B0E2E0500B9B866 /* Images.xcassets */; };
		FF72FE781B0E2E0500B9B866 /* LaunchScreen.xib in Resources */ = {isa = PBXBuildFile; fileRef = FF72FE761B0E2E0500B9B866 /* LaunchScreen.xib */; };
		FF72FE841B0E2E0500B9B866 /* Continuous_Integration_TestTests.swift in Sources */ = {isa = PBXBuildFile; fileRef = FF72FE831B0E2E0500B9B866 /* Continuous_Integration_TestTests.swift */; };
		FF72FE931B0E2EBB00B9B866 /* DataSource.swift in Sources */ = {isa = PBXBuildFile; fileRef = FF72FE921B0E2EBB00B9B866 /* DataSource.swift */; };
		FF72FE971B0E324200B9B866 /* DetailViewController.swift in Sources */ = {isa = PBXBuildFile; fileRef = FF72FE961B0E324200B9B866 /* DetailViewController.swift */; };
		FF72FE981B0F1F1500B9B866 /* DataSource.swift in Sources */ = {isa = PBXBuildFile; fileRef = FF72FE921B0E2EBB00B9B866 /* DataSource.swift */; };
/* End PBXBuildFile section */

/* Begin PBXContainerItemProxy section */
		FF72FE7E1B0E2E0500B9B866 /* PBXContainerItemProxy */ = {
			isa = PBXContainerItemProxy;
			containerPortal = FF72FE601B0E2E0500B9B866 /* Project object */;
			proxyType = 1;
			remoteGlobalIDString = FF72FE671B0E2E0500B9B866;
			remoteInfo = "Continuous Integration Test";
		};
/* End PBXContainerItemProxy section */

/* Begin PBXFileReference section */
		CCA85D2EE8AD2F5C7D452FA2 /* libPods-Continuous Integration Test UI Tests.a */ = {isa = PBXFileReference; explicitFileType = archive.ar; includeInIndex = 0; path = "libPods-Continuous Integration Test UI Tests.a"; sourceTree = BUILT_PRODUCTS_DIR; };
		FF72FE681B0E2E0500B9B866 /* Continuous Integration Test.app */ = {isa = PBXFileReference; explicitFileType = wrapper.application; includeInIndex = 0; path = "Continuous Integration Test.app"; sourceTree = BUILT_PRODUCTS_DIR; };
		FF72FE6C1B0E2E0500B9B866 /* Info.plist */ = {isa = PBXFileReference; lastKnownFileType = text.plist.xml; path = Info.plist; sourceTree = "<group>"; };
		FF72FE6D1B0E2E0500B9B866 /* AppDelegate.swift */ = {isa = PBXFileReference; lastKnownFileType = sourcecode.swift; path = AppDelegate.swift; sourceTree = "<group>"; };
		FF72FE6F1B0E2E0500B9B866 /* TableViewController.swift */ = {isa = PBXFileReference; lastKnownFileType = sourcecode.swift; path = TableViewController.swift; sourceTree = "<group>"; };
		FF72FE721B0E2E0500B9B866 /* Base */ = {isa = PBXFileReference; lastKnownFileType = file.storyboard; name = Base; path = Base.lproj/Main.storyboard; sourceTree = "<group>"; };
		FF72FE741B0E2E0500B9B866 /* Images.xcassets */ = {isa = PBXFileReference; lastKnownFileType = folder.assetcatalog; path = Images.xcassets; sourceTree = "<group>"; };
		FF72FE771B0E2E0500B9B866 /* Base */ = {isa = PBXFileReference; lastKnownFileType = file.xib; name = Base; path = Base.lproj/LaunchScreen.xib; sourceTree = "<group>"; };
		FF72FE7D1B0E2E0500B9B866 /* Continuous Integration TestTests.xctest */ = {isa = PBXFileReference; explicitFileType = wrapper.cfbundle; includeInIndex = 0; path = "Continuous Integration TestTests.xctest"; sourceTree = BUILT_PRODUCTS_DIR; };
		FF72FE821B0E2E0500B9B866 /* Info.plist */ = {isa = PBXFileReference; lastKnownFileType = text.plist.xml; path = Info.plist; sourceTree = "<group>"; };
		FF72FE831B0E2E0500B9B866 /* Continuous_Integration_TestTests.swift */ = {isa = PBXFileReference; lastKnownFileType = sourcecode.swift; path = Continuous_Integration_TestTests.swift; sourceTree = "<group>"; };
		FF72FE921B0E2EBB00B9B866 /* DataSource.swift */ = {isa = PBXFileReference; fileEncoding = 4; lastKnownFileType = sourcecode.swift; path = DataSource.swift; sourceTree = "<group>"; };
		FF72FE961B0E324200B9B866 /* DetailViewController.swift */ = {isa = PBXFileReference; fileEncoding = 4; lastKnownFileType = sourcecode.swift; path = DetailViewController.swift; sourceTree = "<group>"; };
/* End PBXFileReference section */

/* Begin PBXFrameworksBuildPhase section */
		FF72FE651B0E2E0500B9B866 /* Frameworks */ = {
			isa = PBXFrameworksBuildPhase;
			buildActionMask = 2147483647;
			files = (
			);
			runOnlyForDeploymentPostprocessing = 0;
		};
		FF72FE7A1B0E2E0500B9B866 /* Frameworks */ = {
			isa = PBXFrameworksBuildPhase;
			buildActionMask = 2147483647;
			files = (
			);
			runOnlyForDeploymentPostprocessing = 0;
		};
/* End PBXFrameworksBuildPhase section */

/* Begin PBXGroup section */
		83EDFBBAC962EAFE4FB9C428 /* Frameworks */ = {
			isa = PBXGroup;
			children = (
				CCA85D2EE8AD2F5C7D452FA2 /* libPods-Continuous Integration Test UI Tests.a */,
			);
			name = Frameworks;
			sourceTree = "<group>";
		};
		FF72FE5F1B0E2E0500B9B866 = {
			isa = PBXGroup;
			children = (
				FF72FE6A1B0E2E0500B9B866 /* Continuous Integration Test */,
				FF72FE801B0E2E0500B9B866 /* Continuous Integration TestTests */,
				FF72FE691B0E2E0500B9B866 /* Products */,
				83EDFBBAC962EAFE4FB9C428 /* Frameworks */,
			);
			sourceTree = "<group>";
		};
		FF72FE691B0E2E0500B9B866 /* Products */ = {
			isa = PBXGroup;
			children = (
				FF72FE681B0E2E0500B9B866 /* Continuous Integration Test.app */,
				FF72FE7D1B0E2E0500B9B866 /* Continuous Integration TestTests.xctest */,
			);
			name = Products;
			sourceTree = "<group>";
		};
		FF72FE6A1B0E2E0500B9B866 /* Continuous Integration Test */ = {
			isa = PBXGroup;
			children = (
				FF72FE8D1B0E2E3200B9B866 /* Model */,
				FF72FE8E1B0E2E3700B9B866 /* View */,
				FF72FE8F1B0E2E3D00B9B866 /* Controller */,
				FF72FE6D1B0E2E0500B9B866 /* AppDelegate.swift */,
				FF72FE711B0E2E0500B9B866 /* Main.storyboard */,
				FF72FE741B0E2E0500B9B866 /* Images.xcassets */,
				FF72FE761B0E2E0500B9B866 /* LaunchScreen.xib */,
				FF72FE6B1B0E2E0500B9B866 /* Supporting Files */,
			);
			path = "Continuous Integration Test";
			sourceTree = "<group>";
		};
		FF72FE6B1B0E2E0500B9B866 /* Supporting Files */ = {
			isa = PBXGroup;
			children = (
				FF72FE6C1B0E2E0500B9B866 /* Info.plist */,
			);
			name = "Supporting Files";
			sourceTree = "<group>";
		};
		FF72FE801B0E2E0500B9B866 /* Continuous Integration TestTests */ = {
			isa = PBXGroup;
			children = (
				FF72FE831B0E2E0500B9B866 /* Continuous_Integration_TestTests.swift */,
				FF72FE811B0E2E0500B9B866 /* Supporting Files */,
			);
			path = "Continuous Integration TestTests";
			sourceTree = "<group>";
		};
		FF72FE811B0E2E0500B9B866 /* Supporting Files */ = {
			isa = PBXGroup;
			children = (
				FF72FE821B0E2E0500B9B866 /* Info.plist */,
			);
			name = "Supporting Files";
			sourceTree = "<group>";
		};
		FF72FE8D1B0E2E3200B9B866 /* Model */ = {
			isa = PBXGroup;
			children = (
				FF72FE921B0E2EBB00B9B866 /* DataSource.swift */,
			);
			name = Model;
			sourceTree = "<group>";
		};
		FF72FE8E1B0E2E3700B9B866 /* View */ = {
			isa = PBXGroup;
			children = (
			);
			name = View;
			sourceTree = "<group>";
		};
		FF72FE8F1B0E2E3D00B9B866 /* Controller */ = {
			isa = PBXGroup;
			children = (
				FF72FE6F1B0E2E0500B9B866 /* TableViewController.swift */,
				FF72FE961B0E324200B9B866 /* DetailViewController.swift */,
			);
			name = Controller;
			sourceTree = "<group>";
		};
/* End PBXGroup section */

/* Begin PBXNativeTarget section */
		FF72FE671B0E2E0500B9B866 /* Continuous Integration Test */ = {
			isa = PBXNativeTarget;
			buildConfigurationList = FF72FE871B0E2E0500B9B866 /* Build configuration list for PBXNativeTarget "Continuous Integration Test" */;
			buildPhases = (
				FF72FE641B0E2E0500B9B866 /* Sources */,
				FF72FE651B0E2E0500B9B866 /* Frameworks */,
				FF72FE661B0E2E0500B9B866 /* Resources */,
			);
			buildRules = (
			);
			dependencies = (
			);
			name = "Continuous Integration Test";
			productName = "Continuous Integration Test";
			productReference = FF72FE681B0E2E0500B9B866 /* Continuous Integration Test.app */;
			productType = "com.apple.product-type.application";
		};
		FF72FE7C1B0E2E0500B9B866 /* Continuous Integration TestTests */ = {
			isa = PBXNativeTarget;
			buildConfigurationList = FF72FE8A1B0E2E0500B9B866 /* Build configuration list for PBXNativeTarget "Continuous Integration TestTests" */;
			buildPhases = (
				FF72FE791B0E2E0500B9B866 /* Sources */,
				FF72FE7A1B0E2E0500B9B866 /* Frameworks */,
				FF72FE7B1B0E2E0500B9B866 /* Resources */,
			);
			buildRules = (
			);
			dependencies = (
				FF72FE7F1B0E2E0500B9B866 /* PBXTargetDependency */,
			);
			name = "Continuous Integration TestTests";
			productName = "Continuous Integration TestTests";
			productReference = FF72FE7D1B0E2E0500B9B866 /* Continuous Integration TestTests.xctest */;
			productType = "com.apple.product-type.bundle.unit-test";
		};
/* End PBXNativeTarget section */

/* Begin PBXProject section */
		FF72FE601B0E2E0500B9B866 /* Project object */ = {
			isa = PBXProject;
			attributes = {
				LastUpgradeCheck = 0630;
				ORGANIZATIONNAME = Sage;
				TargetAttributes = {
					FF72FE671B0E2E0500B9B866 = {
						CreatedOnToolsVersion = 6.3.1;
					};
					FF72FE7C1B0E2E0500B9B866 = {
						CreatedOnToolsVersion = 6.3.1;
						TestTargetID = FF72FE671B0E2E0500B9B866;
					};
				};
			};
			buildConfigurationList = FF72FE631B0E2E0500B9B866 /* Build configuration list for PBXProject "Continuous Integration Test" */;
			compatibilityVersion = "Xcode 3.2";
			developmentRegion = English;
			hasScannedForEncodings = 0;
			knownRegions = (
				en,
				Base,
			);
			mainGroup = FF72FE5F1B0E2E0500B9B866;
			productRefGroup = FF72FE691B0E2E0500B9B866 /* Products */;
			projectDirPath = "";
			projectRoot = "";
			targets = (
				FF72FE671B0E2E0500B9B866 /* Continuous Integration Test */,
				FF72FE7C1B0E2E0500B9B866 /* Continuous Integration TestTests */,
			);
		};
/* End PBXProject section */

/* Begin PBXResourcesBuildPhase section */
		FF72FE661B0E2E0500B9B866 /* Resources */ = {
			isa = PBXResourcesBuildPhase;
			buildActionMask = 2147483647;
			files = (
				FF72FE731B0E2E0500B9B866 /* Main.storyboard in Resources */,
				FF72FE781B0E2E0500B9B866 /* LaunchScreen.xib in Resources */,
				FF72FE751B0E2E0500B9B866 /* Images.xcassets in Resources */,
			);
			runOnlyForDeploymentPostprocessing = 0;
		};
		FF72FE7B1B0E2E0500B9B866 /* Resources */ = {
			isa = PBXResourcesBuildPhase;
			buildActionMask = 2147483647;
			files = (
			);
			runOnlyForDeploymentPostprocessing = 0;
		};
/* End PBXResourcesBuildPhase section */

/* Begin PBXSourcesBuildPhase section */
		FF72FE641B0E2E0500B9B866 /* Sources */ = {
			isa = PBXSourcesBuildPhase;
			buildActionMask = 2147483647;
			files = (
				FF72FE931B0E2EBB00B9B866 /* DataSource.swift in Sources */,
				FF72FE701B0E2E0500B9B866 /* TableViewController.swift in Sources */,
				FF72FE6E1B0E2E0500B9B866 /* AppDelegate.swift in Sources */,
				FF72FE971B0E324200B9B866 /* DetailViewController.swift in Sources */,
			);
			runOnlyForDeploymentPostprocessing = 0;
		};
		FF72FE791B0E2E0500B9B866 /* Sources */ = {
			isa = PBXSourcesBuildPhase;
			buildActionMask = 2147483647;
			files = (
				FF72FE981B0F1F1500B9B866 /* DataSource.swift in Sources */,
				FF72FE841B0E2E0500B9B866 /* Continuous_Integration_TestTests.swift in Sources */,
			);
			runOnlyForDeploymentPostprocessing = 0;
		};
/* End PBXSourcesBuildPhase section */

/* Begin PBXTargetDependency section */
		FF72FE7F1B0E2E0500B9B866 /* PBXTargetDependency */ = {
			isa = PBXTargetDependency;
			target = FF72FE671B0E2E0500B9B866 /* Continuous Integration Test */;
			targetProxy = FF72FE7E1B0E2E0500B9B866 /* PBXContainerItemProxy */;
		};
/* End PBXTargetDependency section */

/* Begin PBXVariantGroup section */
		FF72FE711B0E2E0500B9B866 /* Main.storyboard */ = {
			isa = PBXVariantGroup;
			children = (
				FF72FE721B0E2E0500B9B866 /* Base */,
			);
			name = Main.storyboard;
			sourceTree = "<group>";
		};
		FF72FE761B0E2E0500B9B866 /* LaunchScreen.xib */ = {
			isa = PBXVariantGroup;
			children = (
				FF72FE771B0E2E0500B9B866 /* Base */,
			);
			name = LaunchScreen.xib;
			sourceTree = "<group>";
		};
/* End PBXVariantGroup section */

/* Begin XCBuildConfiguration section */
		FF72FE851B0E2E0500B9B866 /* Debug */ = {
			isa = XCBuildConfiguration;
			buildSettings = {
				ALWAYS_SEARCH_USER_PATHS = NO;
				CLANG_CXX_LANGUAGE_STANDARD = "gnu++0x";
				CLANG_CXX_LIBRARY = "libc++";
				CLANG_ENABLE_MODULES = YES;
				CLANG_ENABLE_OBJC_ARC = YES;
				CLANG_WARN_BOOL_CONVERSION = YES;
				CLANG_WARN_CONSTANT_CONVERSION = YES;
				CLANG_WARN_DIRECT_OBJC_ISA_USAGE = YES_ERROR;
				CLANG_WARN_EMPTY_BODY = YES;
				CLANG_WARN_ENUM_CONVERSION = YES;
				CLANG_WARN_INT_CONVERSION = YES;
				CLANG_WARN_OBJC_ROOT_CLASS = YES_ERROR;
				CLANG_WARN_UNREACHABLE_CODE = YES;
				CLANG_WARN__DUPLICATE_METHOD_MATCH = YES;
				"CODE_SIGN_IDENTITY[sdk=iphoneos*]" = "iPhone Developer";
				COPY_PHASE_STRIP = NO;
				DEBUG_INFORMATION_FORMAT = "dwarf-with-dsym";
				ENABLE_STRICT_OBJC_MSGSEND = YES;
				GCC_C_LANGUAGE_STANDARD = gnu99;
				GCC_DYNAMIC_NO_PIC = NO;
				GCC_NO_COMMON_BLOCKS = YES;
				GCC_OPTIMIZATION_LEVEL = 0;
				GCC_PREPROCESSOR_DEFINITIONS = (
					"DEBUG=1",
					"$(inherited)",
				);
				GCC_SYMBOLS_PRIVATE_EXTERN = NO;
				GCC_WARN_64_TO_32_BIT_CONVERSION = YES;
				GCC_WARN_ABOUT_RETURN_TYPE = YES_ERROR;
				GCC_WARN_UNDECLARED_SELECTOR = YES;
				GCC_WARN_UNINITIALIZED_AUTOS = YES_AGGRESSIVE;
				GCC_WARN_UNUSED_FUNCTION = YES;
				GCC_WARN_UNUSED_VARIABLE = YES;
				IPHONEOS_DEPLOYMENT_TARGET = 8.0;
				MTL_ENABLE_DEBUG_INFO = YES;
				ONLY_ACTIVE_ARCH = YES;
				SDKROOT = iphoneos;
				SWIFT_OPTIMIZATION_LEVEL = "-Onone";
			};
			name = Debug;
		};
		FF72FE861B0E2E0500B9B866 /* Release */ = {
			isa = XCBuildConfiguration;
			buildSettings = {
				ALWAYS_SEARCH_USER_PATHS = NO;
				CLANG_CXX_LANGUAGE_STANDARD = "gnu++0x";
				CLANG_CXX_LIBRARY = "libc++";
				CLANG_ENABLE_MODULES = YES;
				CLANG_ENABLE_OBJC_ARC = YES;
				CLANG_WARN_BOOL_CONVERSION = YES;
				CLANG_WARN_CONSTANT_CONVERSION = YES;
				CLANG_WARN_DIRECT_OBJC_ISA_USAGE = YES_ERROR;
				CLANG_WARN_EMPTY_BODY = YES;
				CLANG_WARN_ENUM_CONVERSION = YES;
				CLANG_WARN_INT_CONVERSION = YES;
				CLANG_WARN_OBJC_ROOT_CLASS = YES_ERROR;
				CLANG_WARN_UNREACHABLE_CODE = YES;
				CLANG_WARN__DUPLICATE_METHOD_MATCH = YES;
				"CODE_SIGN_IDENTITY[sdk=iphoneos*]" = "iPhone Developer";
				COPY_PHASE_STRIP = NO;
				DEBUG_INFORMATION_FORMAT = "dwarf-with-dsym";
				ENABLE_NS_ASSERTIONS = NO;
				ENABLE_STRICT_OBJC_MSGSEND = YES;
				GCC_C_LANGUAGE_STANDARD = gnu99;
				GCC_NO_COMMON_BLOCKS = YES;
				GCC_WARN_64_TO_32_BIT_CONVERSION = YES;
				GCC_WARN_ABOUT_RETURN_TYPE = YES_ERROR;
				GCC_WARN_UNDECLARED_SELECTOR = YES;
				GCC_WARN_UNINITIALIZED_AUTOS = YES_AGGRESSIVE;
				GCC_WARN_UNUSED_FUNCTION = YES;
				GCC_WARN_UNUSED_VARIABLE = YES;
				IPHONEOS_DEPLOYMENT_TARGET = 8.0;
				MTL_ENABLE_DEBUG_INFO = NO;
				SDKROOT = iphoneos;
				VALIDATE_PRODUCT = YES;
			};
			name = Release;
		};
		FF72FE881B0E2E0500B9B866 /* Debug */ = {
			isa = XCBuildConfiguration;
			buildSettings = {
				ASSETCATALOG_COMPILER_APPICON_NAME = AppIcon;
				INFOPLIST_FILE = "Continuous Integration Test/Info.plist";
				LD_RUNPATH_SEARCH_PATHS = "$(inherited) @executable_path/Frameworks";
				PRODUCT_NAME = "$(TARGET_NAME)";
			};
			name = Debug;
		};
		FF72FE891B0E2E0500B9B866 /* Release */ = {
			isa = XCBuildConfiguration;
			buildSettings = {
				ASSETCATALOG_COMPILER_APPICON_NAME = AppIcon;
				INFOPLIST_FILE = "Continuous Integration Test/Info.plist";
				LD_RUNPATH_SEARCH_PATHS = "$(inherited) @executable_path/Frameworks";
				PRODUCT_NAME = "$(TARGET_NAME)";
			};
			name = Release;
		};
		FF72FE8B1B0E2E0500B9B866 /* Debug */ = {
			isa = XCBuildConfiguration;
			buildSettings = {
				BUNDLE_LOADER = "$(TEST_HOST)";
				FRAMEWORK_SEARCH_PATHS = (
					"$(SDKROOT)/Developer/Library/Frameworks",
					"$(inherited)",
				);
				GCC_PREPROCESSOR_DEFINITIONS = (
					"DEBUG=1",
					"$(inherited)",
				);
				INFOPLIST_FILE = "Continuous Integration TestTests/Info.plist";
				LD_RUNPATH_SEARCH_PATHS = "$(inherited) @executable_path/Frameworks @loader_path/Frameworks";
				PRODUCT_NAME = "$(TARGET_NAME)";
				TEST_HOST = "$(BUILT_PRODUCTS_DIR)/Continuous Integration Test.app/Continuous Integration Test";
			};
			name = Debug;
		};
		FF72FE8C1B0E2E0500B9B866 /* Release */ = {
			isa = XCBuildConfiguration;
			buildSettings = {
				BUNDLE_LOADER = "$(TEST_HOST)";
				FRAMEWORK_SEARCH_PATHS = (
					"$(SDKROOT)/Developer/Library/Frameworks",
					"$(inherited)",
				);
				INFOPLIST_FILE = "Continuous Integration TestTests/Info.plist";
				LD_RUNPATH_SEARCH_PATHS = "$(inherited) @executable_path/Frameworks @loader_path/Frameworks";
				PRODUCT_NAME = "$(TARGET_NAME)";
				TEST_HOST = "$(BUILT_PRODUCTS_DIR)/Continuous Integration Test.app/Continuous Integration Test";
			};
			name = Release;
		};
/* End XCBuildConfiguration section */

/* Begin XCConfigurationList section */
		FF72FE631B0E2E0500B9B866 /* Build configuration list for PBXProject "Continuous Integration Test" */ = {
			isa = XCConfigurationList;
			buildConfigurations = (
				FF72FE851B0E2E0500B9B866 /* Debug */,
				FF72FE861B0E2E0500B9B866 /* Release */,
			);
			defaultConfigurationIsVisible = 0;
			defaultConfigurationName = Release;
		};
		FF72FE871B0E2E0500B9B866 /* Build configuration list for PBXNativeTarget "Continuous Integration Test" */ = {
			isa = XCConfigurationList;
			buildConfigurations = (
				FF72FE881B0E2E0500B9B866 /* Debug */,
				FF72FE891B0E2E0500B9B866 /* Release */,
			);
			defaultConfigurationIsVisible = 0;
			defaultConfigurationName = Release;
		};
		FF72FE8A1B0E2E0500B9B866 /* Build configuration list for PBXNativeTarget "Continuous Integration TestTests" */ = {
			isa = XCConfigurationList;
			buildConfigurations = (
				FF72FE8B1B0E2E0500B9B866 /* Debug */,
				FF72FE8C1B0E2E0500B9B866 /* Release */,
			);
			defaultConfigurationIsVisible = 0;
			defaultConfigurationName = Release;
		};
/* End XCConfigurationList section */
	};
	rootObject = FF72FE601B0E2E0500B9B866 /* Project object */;
}
